// !$*UTF8*$!
{
	archiveVersion = 1;
	classes = {
	};
	objectVersion = 56;
	objects = {

/* Begin PBXBuildFile section */
		DACD90302ACB1E76005A888C /* NSFontPanelInSwiftUIDemoApp.swift in Sources */ = {isa = PBXBuildFile; fileRef = DACD902F2ACB1E76005A888C /* NSFontPanelInSwiftUIDemoApp.swift */; };
		DACD90322ACB1E76005A888C /* ContentView.swift in Sources */ = {isa = PBXBuildFile; fileRef = DACD90312ACB1E76005A888C /* ContentView.swift */; };
		DACD90342ACB1E77005A888C /* Assets.xcassets in Resources */ = {isa = PBXBuildFile; fileRef = DACD90332ACB1E77005A888C /* Assets.xcassets */; };
		DACD90372ACB1E77005A888C /* Preview Assets.xcassets in Resources */ = {isa = PBXBuildFile; fileRef = DACD90362ACB1E77005A888C /* Preview Assets.xcassets */; };
		DACD903F2ACB1E80005A888C /* FontPicker.swift in Sources */ = {isa = PBXBuildFile; fileRef = DACD903E2ACB1E80005A888C /* FontPicker.swift */; };
		DACD90412ACB1EA2005A888C /* FontData.swift in Sources */ = {isa = PBXBuildFile; fileRef = DACD90402ACB1EA2005A888C /* FontData.swift */; };
		DACD90432ACB1EB4005A888C /* Settings.swift in Sources */ = {isa = PBXBuildFile; fileRef = DACD90422ACB1EB4005A888C /* Settings.swift */; };
		DACD90452ACB1ED9005A888C /* AppDelegate.swift in Sources */ = {isa = PBXBuildFile; fileRef = DACD90442ACB1ED9005A888C /* AppDelegate.swift */; };
/* End PBXBuildFile section */

/* Begin PBXFileReference section */
		DACD902C2ACB1E76005A888C /* NSFontPanelInSwiftUIDemo.app */ = {isa = PBXFileReference; explicitFileType = wrapper.application; includeInIndex = 0; path = NSFontPanelInSwiftUIDemo.app; sourceTree = BUILT_PRODUCTS_DIR; };
		DACD902F2ACB1E76005A888C /* NSFontPanelInSwiftUIDemoApp.swift */ = {isa = PBXFileReference; lastKnownFileType = sourcecode.swift; path = NSFontPanelInSwiftUIDemoApp.swift; sourceTree = "<group>"; };
		DACD90312ACB1E76005A888C /* ContentView.swift */ = {isa = PBXFileReference; lastKnownFileType = sourcecode.swift; path = ContentView.swift; sourceTree = "<group>"; };
		DACD90332ACB1E77005A888C /* Assets.xcassets */ = {isa = PBXFileReference; lastKnownFileType = folder.assetcatalog; path = Assets.xcassets; sourceTree = "<group>"; };
		DACD90362ACB1E77005A888C /* Preview Assets.xcassets */ = {isa = PBXFileReference; lastKnownFileType = folder.assetcatalog; path = "Preview Assets.xcassets"; sourceTree = "<group>"; };
		DACD90382ACB1E77005A888C /* NSFontPanelInSwiftUIDemo.entitlements */ = {isa = PBXFileReference; lastKnownFileType = text.plist.entitlements; path = NSFontPanelInSwiftUIDemo.entitlements; sourceTree = "<group>"; };
		DACD903E2ACB1E80005A888C /* FontPicker.swift */ = {isa = PBXFileReference; lastKnownFileType = sourcecode.swift; path = FontPicker.swift; sourceTree = "<group>"; };
		DACD90402ACB1EA2005A888C /* FontData.swift */ = {isa = PBXFileReference; lastKnownFileType = sourcecode.swift; path = FontData.swift; sourceTree = "<group>"; };
		DACD90422ACB1EB4005A888C /* Settings.swift */ = {isa = PBXFileReference; lastKnownFileType = sourcecode.swift; path = Settings.swift; sourceTree = "<group>"; };
		DACD90442ACB1ED9005A888C /* AppDelegate.swift */ = {isa = PBXFileReference; lastKnownFileType = sourcecode.swift; path = AppDelegate.swift; sourceTree = "<group>"; };
/* End PBXFileReference section */

/* Begin PBXFrameworksBuildPhase section */
		DACD90292ACB1E76005A888C /* Frameworks */ = {
			isa = PBXFrameworksBuildPhase;
			buildActionMask = 2147483647;
			files = (
			);
			runOnlyForDeploymentPostprocessing = 0;
		};
/* End PBXFrameworksBuildPhase section */

/* Begin PBXGroup section */
		DACD90232ACB1E76005A888C = {
			isa = PBXGroup;
			children = (
				DACD902E2ACB1E76005A888C /* NSFontPanelInSwiftUIDemo */,
				DACD902D2ACB1E76005A888C /* Products */,
			);
			sourceTree = "<group>";
		};
		DACD902D2ACB1E76005A888C /* Products */ = {
			isa = PBXGroup;
			children = (
				DACD902C2ACB1E76005A888C /* NSFontPanelInSwiftUIDemo.app */,
			);
			name = Products;
			sourceTree = "<group>";
		};
		DACD902E2ACB1E76005A888C /* NSFontPanelInSwiftUIDemo */ = {
			isa = PBXGroup;
			children = (
				DACD902F2ACB1E76005A888C /* NSFontPanelInSwiftUIDemoApp.swift */,
				DACD90442ACB1ED9005A888C /* AppDelegate.swift */,
				DACD90312ACB1E76005A888C /* ContentView.swift */,
				DACD903E2ACB1E80005A888C /* FontPicker.swift */,
				DACD90402ACB1EA2005A888C /* FontData.swift */,
				DACD90422ACB1EB4005A888C /* Settings.swift */,
				DACD90332ACB1E77005A888C /* Assets.xcassets */,
				DACD90382ACB1E77005A888C /* NSFontPanelInSwiftUIDemo.entitlements */,
				DACD90352ACB1E77005A888C /* Preview Content */,
			);
			path = NSFontPanelInSwiftUIDemo;
			sourceTree = "<group>";
		};
		DACD90352ACB1E77005A888C /* Preview Content */ = {
			isa = PBXGroup;
			children = (
				DACD90362ACB1E77005A888C /* Preview Assets.xcassets */,
			);
			path = "Preview Content";
			sourceTree = "<group>";
		};
/* End PBXGroup section */

/* Begin PBXNativeTarget section */
		DACD902B2ACB1E76005A888C /* NSFontPanelInSwiftUIDemo */ = {
			isa = PBXNativeTarget;
			buildConfigurationList = DACD903B2ACB1E77005A888C /* Build configuration list for PBXNativeTarget "NSFontPanelInSwiftUIDemo" */;
			buildPhases = (
				DACD90282ACB1E76005A888C /* Sources */,
				DACD90292ACB1E76005A888C /* Frameworks */,
				DACD902A2ACB1E76005A888C /* Resources */,
			);
			buildRules = (
			);
			dependencies = (
			);
			name = NSFontPanelInSwiftUIDemo;
			productName = NSFontPanelInSwiftUIDemo;
			productReference = DACD902C2ACB1E76005A888C /* NSFontPanelInSwiftUIDemo.app */;
			productType = "com.apple.product-type.application";
		};
/* End PBXNativeTarget section */

/* Begin PBXProject section */
		DACD90242ACB1E76005A888C /* Project object */ = {
			isa = PBXProject;
			attributes = {
				BuildIndependentTargetsInParallel = 1;
				LastSwiftUpdateCheck = 1500;
				LastUpgradeCheck = 1500;
				TargetAttributes = {
					DACD902B2ACB1E76005A888C = {
						CreatedOnToolsVersion = 15.0;
					};
				};
			};
			buildConfigurationList = DACD90272ACB1E76005A888C /* Build configuration list for PBXProject "NSFontPanelInSwiftUIDemo" */;
			compatibilityVersion = "Xcode 14.0";
			developmentRegion = en;
			hasScannedForEncodings = 0;
			knownRegions = (
				en,
				Base,
			);
			mainGroup = DACD90232ACB1E76005A888C;
			productRefGroup = DACD902D2ACB1E76005A888C /* Products */;
			projectDirPath = "";
			projectRoot = "";
			targets = (
				DACD902B2ACB1E76005A888C /* NSFontPanelInSwiftUIDemo */,
			);
		};
/* End PBXProject section */

/* Begin PBXResourcesBuildPhase section */
		DACD902A2ACB1E76005A888C /* Resources */ = {
			isa = PBXResourcesBuildPhase;
			buildActionMask = 2147483647;
			files = (
				DACD90372ACB1E77005A888C /* Preview Assets.xcassets in Resources */,
				DACD90342ACB1E77005A888C /* Assets.xcassets in Resources */,
			);
			runOnlyForDeploymentPostprocessing = 0;
		};
/* End PBXResourcesBuildPhase section */

/* Begin PBXSourcesBuildPhase section */
		DACD90282ACB1E76005A888C /* Sources */ = {
			isa = PBXSourcesBuildPhase;
			buildActionMask = 2147483647;
			files = (
				DACD90452ACB1ED9005A888C /* AppDelegate.swift in Sources */,
				DACD90322ACB1E76005A888C /* ContentView.swift in Sources */,
				DACD90302ACB1E76005A888C /* NSFontPanelInSwiftUIDemoApp.swift in Sources */,
				DACD90412ACB1EA2005A888C /* FontData.swift in Sources */,
				DACD903F2ACB1E80005A888C /* FontPicker.swift in Sources */,
				DACD90432ACB1EB4005A888C /* Settings.swift in Sources */,
			);
			runOnlyForDeploymentPostprocessing = 0;
		};
/* End PBXSourcesBuildPhase section */

/* Begin XCBuildConfiguration section */
		DACD90392ACB1E77005A888C /* Debug */ = {
			isa = XCBuildConfiguration;
			buildSettings = {
				ALWAYS_SEARCH_USER_PATHS = NO;
				ASSETCATALOG_COMPILER_GENERATE_SWIFT_ASSET_SYMBOL_EXTENSIONS = YES;
				CLANG_ANALYZER_NONNULL = YES;
				CLANG_ANALYZER_NUMBER_OBJECT_CONVERSION = YES_AGGRESSIVE;
				CLANG_CXX_LANGUAGE_STANDARD = "gnu++20";
				CLANG_ENABLE_MODULES = YES;
				CLANG_ENABLE_OBJC_ARC = YES;
				CLANG_ENABLE_OBJC_WEAK = YES;
				CLANG_WARN_BLOCK_CAPTURE_AUTORELEASING = YES;
				CLANG_WARN_BOOL_CONVERSION = YES;
				CLANG_WARN_COMMA = YES;
				CLANG_WARN_CONSTANT_CONVERSION = YES;
				CLANG_WARN_DEPRECATED_OBJC_IMPLEMENTATIONS = YES;
				CLANG_WARN_DIRECT_OBJC_ISA_USAGE = YES_ERROR;
				CLANG_WARN_DOCUMENTATION_COMMENTS = YES;
				CLANG_WARN_EMPTY_BODY = YES;
				CLANG_WARN_ENUM_CONVERSION = YES;
				CLANG_WARN_INFINITE_RECURSION = YES;
				CLANG_WARN_INT_CONVERSION = YES;
				CLANG_WARN_NON_LITERAL_NULL_CONVERSION = YES;
				CLANG_WARN_OBJC_IMPLICIT_RETAIN_SELF = YES;
				CLANG_WARN_OBJC_LITERAL_CONVERSION = YES;
				CLANG_WARN_OBJC_ROOT_CLASS = YES_ERROR;
				CLANG_WARN_QUOTED_INCLUDE_IN_FRAMEWORK_HEADER = YES;
				CLANG_WARN_RANGE_LOOP_ANALYSIS = YES;
				CLANG_WARN_STRICT_PROTOTYPES = YES;
				CLANG_WARN_SUSPICIOUS_MOVE = YES;
				CLANG_WARN_UNGUARDED_AVAILABILITY = YES_AGGRESSIVE;
				CLANG_WARN_UNREACHABLE_CODE = YES;
				CLANG_WARN__DUPLICATE_METHOD_MATCH = YES;
				COPY_PHASE_STRIP = NO;
				DEBUG_INFORMATION_FORMAT = dwarf;
				ENABLE_STRICT_OBJC_MSGSEND = YES;
				ENABLE_TESTABILITY = YES;
				ENABLE_USER_SCRIPT_SANDBOXING = YES;
				GCC_C_LANGUAGE_STANDARD = gnu17;
				GCC_DYNAMIC_NO_PIC = NO;
				GCC_NO_COMMON_BLOCKS = YES;
				GCC_OPTIMIZATION_LEVEL = 0;
				GCC_PREPROCESSOR_DEFINITIONS = (
					"DEBUG=1",
					"$(inherited)",
				);
				GCC_WARN_64_TO_32_BIT_CONVERSION = YES;
				GCC_WARN_ABOUT_RETURN_TYPE = YES_ERROR;
				GCC_WARN_UNDECLARED_SELECTOR = YES;
				GCC_WARN_UNINITIALIZED_AUTOS = YES_AGGRESSIVE;
				GCC_WARN_UNUSED_FUNCTION = YES;
				GCC_WARN_UNUSED_VARIABLE = YES;
				LOCALIZATION_PREFERS_STRING_CATALOGS = YES;
				MACOSX_DEPLOYMENT_TARGET = 13.5;
				MTL_ENABLE_DEBUG_INFO = INCLUDE_SOURCE;
				MTL_FAST_MATH = YES;
				ONLY_ACTIVE_ARCH = YES;
				SDKROOT = macosx;
				SWIFT_ACTIVE_COMPILATION_CONDITIONS = "DEBUG $(inherited)";
				SWIFT_OPTIMIZATION_LEVEL = "-Onone";
			};
			name = Debug;
		};
		DACD903A2ACB1E77005A888C /* Release */ = {
			isa = XCBuildConfiguration;
			buildSettings = {
				ALWAYS_SEARCH_USER_PATHS = NO;
				ASSETCATALOG_COMPILER_GENERATE_SWIFT_ASSET_SYMBOL_EXTENSIONS = YES;
				CLANG_ANALYZER_NONNULL = YES;
				CLANG_ANALYZER_NUMBER_OBJECT_CONVERSION = YES_AGGRESSIVE;
				CLANG_CXX_LANGUAGE_STANDARD = "gnu++20";
				CLANG_ENABLE_MODULES = YES;
				CLANG_ENABLE_OBJC_ARC = YES;
				CLANG_ENABLE_OBJC_WEAK = YES;
				CLANG_WARN_BLOCK_CAPTURE_AUTORELEASING = YES;
				CLANG_WARN_BOOL_CONVERSION = YES;
				CLANG_WARN_COMMA = YES;
				CLANG_WARN_CONSTANT_CONVERSION = YES;
				CLANG_WARN_DEPRECATED_OBJC_IMPLEMENTATIONS = YES;
				CLANG_WARN_DIRECT_OBJC_ISA_USAGE = YES_ERROR;
				CLANG_WARN_DOCUMENTATION_COMMENTS = YES;
				CLANG_WARN_EMPTY_BODY = YES;
				CLANG_WARN_ENUM_CONVERSION = YES;
				CLANG_WARN_INFINITE_RECURSION = YES;
				CLANG_WARN_INT_CONVERSION = YES;
				CLANG_WARN_NON_LITERAL_NULL_CONVERSION = YES;
				CLANG_WARN_OBJC_IMPLICIT_RETAIN_SELF = YES;
				CLANG_WARN_OBJC_LITERAL_CONVERSION = YES;
				CLANG_WARN_OBJC_ROOT_CLASS = YES_ERROR;
				CLANG_WARN_QUOTED_INCLUDE_IN_FRAMEWORK_HEADER = YES;
				CLANG_WARN_RANGE_LOOP_ANALYSIS = YES;
				CLANG_WARN_STRICT_PROTOTYPES = YES;
				CLANG_WARN_SUSPICIOUS_MOVE = YES;
				CLANG_WARN_UNGUARDED_AVAILABILITY = YES_AGGRESSIVE;
				CLANG_WARN_UNREACHABLE_CODE = YES;
				CLANG_WARN__DUPLICATE_METHOD_MATCH = YES;
				COPY_PHASE_STRIP = NO;
				DEBUG_INFORMATION_FORMAT = "dwarf-with-dsym";
				ENABLE_NS_ASSERTIONS = NO;
				ENABLE_STRICT_OBJC_MSGSEND = YES;
				ENABLE_USER_SCRIPT_SANDBOXING = YES;
				GCC_C_LANGUAGE_STANDARD = gnu17;
				GCC_NO_COMMON_BLOCKS = YES;
				GCC_WARN_64_TO_32_BIT_CONVERSION = YES;
				GCC_WARN_ABOUT_RETURN_TYPE = YES_ERROR;
				GCC_WARN_UNDECLARED_SELECTOR = YES;
				GCC_WARN_UNINITIALIZED_AUTOS = YES_AGGRESSIVE;
				GCC_WARN_UNUSED_FUNCTION = YES;
				GCC_WARN_UNUSED_VARIABLE = YES;
				LOCALIZATION_PREFERS_STRING_CATALOGS = YES;
				MACOSX_DEPLOYMENT_TARGET = 13.5;
				MTL_ENABLE_DEBUG_INFO = NO;
				MTL_FAST_MATH = YES;
				SDKROOT = macosx;
				SWIFT_COMPILATION_MODE = wholemodule;
			};
			name = Release;
		};
		DACD903C2ACB1E77005A888C /* Debug */ = {
			isa = XCBuildConfiguration;
			buildSettings = {
				ASSETCATALOG_COMPILER_APPICON_NAME = AppIcon;
				ASSETCATALOG_COMPILER_GLOBAL_ACCENT_COLOR_NAME = AccentColor;
				CODE_SIGN_ENTITLEMENTS = NSFontPanelInSwiftUIDemo/NSFontPanelInSwiftUIDemo.entitlements;
				CODE_SIGN_STYLE = Automatic;
				COMBINE_HIDPI_IMAGES = YES;
				CURRENT_PROJECT_VERSION = 1;
				DEVELOPMENT_ASSET_PATHS = "\"NSFontPanelInSwiftUIDemo/Preview Content\"";
				DEVELOPMENT_TEAM = BWMJMJK727;
				ENABLE_HARDENED_RUNTIME = YES;
				ENABLE_PREVIEWS = YES;
				GENERATE_INFOPLIST_FILE = YES;
				INFOPLIST_KEY_NSHumanReadableCopyright = "";
				LD_RUNPATH_SEARCH_PATHS = (
					"$(inherited)",
					"@executable_path/../Frameworks",
				);
				MARKETING_VERSION = 1.0;
				PRODUCT_BUNDLE_IDENTIFIER = com.ikeh1024.NSFontPanelInSwiftUIDemo;
				PRODUCT_NAME = "$(TARGET_NAME)";
				SWIFT_EMIT_LOC_STRINGS = YES;
				SWIFT_VERSION = 5.0;
			};
			name = Debug;
		};
		DACD903D2ACB1E77005A888C /* Release */ = {
			isa = XCBuildConfiguration;
			buildSettings = {
				ASSETCATALOG_COMPILER_APPICON_NAME = AppIcon;
				ASSETCATALOG_COMPILER_GLOBAL_ACCENT_COLOR_NAME = AccentColor;
				CODE_SIGN_ENTITLEMENTS = NSFontPanelInSwiftUIDemo/NSFontPanelInSwiftUIDemo.entitlements;
				CODE_SIGN_STYLE = Automatic;
				COMBINE_HIDPI_IMAGES = YES;
				CURRENT_PROJECT_VERSION = 1;
				DEVELOPMENT_ASSET_PATHS = "\"NSFontPanelInSwiftUIDemo/Preview Content\"";
				DEVELOPMENT_TEAM = BWMJMJK727;
				ENABLE_HARDENED_RUNTIME = YES;
				ENABLE_PREVIEWS = YES;
				GENERATE_INFOPLIST_FILE = YES;
				INFOPLIST_KEY_NSHumanReadableCopyright = "";
				LD_RUNPATH_SEARCH_PATHS = (
					"$(inherited)",
					"@executable_path/../Frameworks",
				);
				MARKETING_VERSION = 1.0;
				PRODUCT_BUNDLE_IDENTIFIER = com.ikeh1024.NSFontPanelInSwiftUIDemo;
				PRODUCT_NAME = "$(TARGET_NAME)";
				SWIFT_EMIT_LOC_STRINGS = YES;
				SWIFT_VERSION = 5.0;
			};
			name = Release;
		};
/* End XCBuildConfiguration section */

/* Begin XCConfigurationList section */
		DACD90272ACB1E76005A888C /* Build configuration list for PBXProject "NSFontPanelInSwiftUIDemo" */ = {
			isa = XCConfigurationList;
			buildConfigurations = (
				DACD90392ACB1E77005A888C /* Debug */,
				DACD903A2ACB1E77005A888C /* Release */,
			);
			defaultConfigurationIsVisible = 0;
			defaultConfigurationName = Release;
		};
		DACD903B2ACB1E77005A888C /* Build configuration list for PBXNativeTarget "NSFontPanelInSwiftUIDemo" */ = {
			isa = XCConfigurationList;
			buildConfigurations = (
				DACD903C2ACB1E77005A888C /* Debug */,
				DACD903D2ACB1E77005A888C /* Release */,
			);
			defaultConfigurationIsVisible = 0;
			defaultConfigurationName = Release;
		};
/* End XCConfigurationList section */
	};
	rootObject = DACD90242ACB1E76005A888C /* Project object */;
}
